
Microsoft Visual Studio Solution File, Format Version 12.00
# Visual Studio 2012
Project("{FAE04EC0-301F-11D3-BF4B-00C04F79EFBC}") = "SEE", "SEE\SEE.csproj", "{A453DD34-95FF-4329-9D9B-08BAE3151644}"
EndProject
Project("{FAE04EC0-301F-11D3-BF4B-00C04F79EFBC}") = "SNE.Tests", "SNE.Tests\SNE.Tests.csproj", "{3C120D3A-3788-4BE4-A6C1-48EC049391A8}"
EndProject
Global
	GlobalSection(SolutionConfigurationPlatforms) = preSolution
		Debug|Any CPU = Debug|Any CPU
		Release|Any CPU = Release|Any CPU
	EndGlobalSection
	GlobalSection(ProjectConfigurationPlatforms) = postSolution
		{A453DD34-95FF-4329-9D9B-08BAE3151644}.Debug|Any CPU.ActiveCfg = Debug|Any CPU
		{A453DD34-95FF-4329-9D9B-08BAE3151644}.Debug|Any CPU.Build.0 = Debug|Any CPU
		{A453DD34-95FF-4329-9D9B-08BAE3151644}.Release|Any CPU.ActiveCfg = Release|Any CPU
		{A453DD34-95FF-4329-9D9B-08BAE3151644}.Release|Any CPU.Build.0 = Release|Any CPU
		{3C120D3A-3788-4BE4-A6C1-48EC049391A8}.Debug|Any CPU.ActiveCfg = Debug|Any CPU
		{3C120D3A-3788-4BE4-A6C1-48EC049391A8}.Debug|Any CPU.Build.0 = Debug|Any CPU
		{3C120D3A-3788-4BE4-A6C1-48EC049391A8}.Release|Any CPU.ActiveCfg = Release|Any CPU
		{3C120D3A-3788-4BE4-A6C1-48EC049391A8}.Release|Any CPU.Build.0 = Release|Any CPU
	EndGlobalSection
	GlobalSection(SolutionProperties) = preSolution
		HideSolutionNode = FALSE
	EndGlobalSection
EndGlobal
